{
  "name": "2019_1_1",
  "version": "1.0.0",
  "lockfileVersion": 1,
  "requires": true,
  "dependencies": {
    "commander": {
      "version": "2.17.1",
      "resolved": "http://registry.npm.taobao.org/commander/download/commander-2.17.1.tgz",
      "integrity": "sha1-vXerfebelCBc6sxy8XFtKfIKd78=",
      "dev": true
    },
    "core-util-is": {
      "version": "1.0.2",
      "resolved": "http://registry.npm.taobao.org/core-util-is/download/core-util-is-1.0.2.tgz",
      "integrity": "sha1-tf1UIgqivFq1eqtxQMlAdUUDwac=",
      "dev": true
    },
    "glogg": {
      "version": "1.0.2",
      "resolved": "http://registry.npm.taobao.org/glogg/download/glogg-1.0.2.tgz",
      "integrity": "sha1-LX3XAr7aIus7/634gGltpthGMT8=",
      "dev": true,
      "requires": {
        "sparkles": "^1.0.0"
      }
    },
    "gulp-uglify": {
      "version": "3.0.1",
      "resolved": "http://registry.npm.taobao.org/gulp-uglify/download/gulp-uglify-3.0.1.tgz",
      "integrity": "sha1-jT7uRmUhvqaxD9dd/3Kt+LfqLZc=",
      "dev": true,
      "requires": {
        "gulplog": "^1.0.0",
        "has-gulplog": "^0.1.0",
        "lodash": "^4.13.1",
        "make-error-cause": "^1.1.1",
        "safe-buffer": "^5.1.2",
        "through2": "^2.0.0",
        "uglify-js": "^3.0.5",
        "vinyl-sourcemaps-apply": "^0.2.0"
      }
    },
    "gulplog": {
      "version": "1.0.0",
      "resolved": "http://registry.npm.taobao.org/gulplog/download/gulplog-1.0.0.tgz",
      "integrity": "sha1-4oxNRdBey77YGDY86PnFkmIp/+U=",
      "dev": true,
      "requires": {
        "glogg": "^1.0.0"
      }
    },
    "has-gulplog": {
      "version": "0.1.0",
      "resolved": "http://registry.npm.taobao.org/has-gulplog/download/has-gulplog-0.1.0.tgz",
      "integrity": "sha1-ZBTIKRNpfaUVkDl9r7EvIpZ4Ec4=",
      "dev": true,
      "requires": {
        "sparkles": "^1.0.0"
      }
    },
    "inherits": {
      "version": "2.0.3",
      "resolved": "http://registry.npm.taobao.org/inherits/download/inherits-2.0.3.tgz",
      "integrity": "sha1-Yzwsg+PaQqUC9SRmAiSA9CCCYd4=",
      "dev": true
    },
    "isarray": {
      "version": "1.0.0",
      "resolved": "http://registry.npm.taobao.org/isarray/download/isarray-1.0.0.tgz",
      "integrity": "sha1-u5NdSFgsuhaMBoNJV6VKPgcSTxE=",
      "dev": true
    },
    "lodash": {
      "version": "4.17.11",
      "resolved": "http://registry.npm.taobao.org/lodash/download/lodash-4.17.11.tgz",
      "integrity": "sha1-s56mIp72B+zYniyN8SU2iRysm40=",
      "dev": true
    },
    "make-error": {
      "version": "1.3.5",
      "resolved": "http://registry.npm.taobao.org/make-error/download/make-error-1.3.5.tgz",
      "integrity": "sha1-7+ToH22yjK3WBccPKcgxtY73dsg=",
      "dev": true
    },
    "make-error-cause": {
      "version": "1.2.2",
      "resolved": "http://registry.npm.taobao.org/make-error-cause/download/make-error-cause-1.2.2.tgz",
      "integrity": "sha1-3wOI/NCzeBbf8KX7gQiTl3fcvJ0=",
      "dev": true,
      "requires": {
        "make-error": "^1.2.0"
      }
    },
    "process-nextick-args": {
      "version": "2.0.0",
      "resolved": "http://registry.npm.taobao.org/process-nextick-args/download/process-nextick-args-2.0.0.tgz",
      "integrity": "sha1-o31zL0JxtKsa0HDTVQjoKQeI/6o=",
      "dev": true
    },
    "readable-stream": {
      "version": "2.3.6",
      "resolved": "http://registry.npm.taobao.org/readable-stream/download/readable-stream-2.3.6.tgz",
      "integrity": "sha1-sRwn2IuP8fvgcGQ8+UsMea4bCq8=",
      "dev": true,
      "requires": {
        "core-util-is": "~1.0.0",
        "inherits": "~2.0.3",
        "isarray": "~1.0.0",
        "process-nextick-args": "~2.0.0",
        "safe-buffer": "~5.1.1",
        "string_decoder": "~1.1.1",
        "util-deprecate": "~1.0.1"
      }
    },
    "safe-buffer": {
      "version": "5.1.2",
      "resolved": "http://registry.npm.taobao.org/safe-buffer/download/safe-buffer-5.1.2.tgz",
      "integrity": "sha1-mR7GnSluAxN0fVm9/St0XDX4go0=",
      "dev": true
    },
    "source-map": {
      "version": "0.6.1",
      "resolved": "http://registry.npm.taobao.org/source-map/download/source-map-0.6.1.tgz",
      "integrity": "sha1-dHIq8y6WFOnCh6jQu95IteLxomM=",
      "dev": true
    },
    "sparkles": {
      "version": "1.0.1",
      "resolved": "http://registry.npm.taobao.org/sparkles/download/sparkles-1.0.1.tgz",
      "integrity": "sha1-AI22XtzmxQ7sDF4ijhlFBh3QQ3w=",
      "dev": true
    },
    "string_decoder": {
      "version": "1.1.1",
      "resolved": "http://registry.npm.taobao.org/string_decoder/download/string_decoder-1.1.1.tgz",
      "integrity": "sha1-nPFhG6YmhdcDCunkujQUnDrwP8g=",
      "dev": true,
      "requires": {
        "safe-buffer": "~5.1.0"
      }
    },
    "through2": {
      "version": "2.0.5",
      "resolved": "http://registry.npm.taobao.org/through2/download/through2-2.0.5.tgz",
      "integrity": "sha1-AcHjnrMdB8t9A6lqcIIyYLIxMs0=",
      "dev": true,
      "requires": {
        "readable-stream": "~2.3.6",
        "xtend": "~4.0.1"
      }
    },
    "uglify-js": {
      "version": "3.4.9",
      "resolved": "http://registry.npm.taobao.org/uglify-js/download/uglify-js-3.4.9.tgz",
      "integrity": "sha1-rwLxgMEgfXZDLkc+0koo9KeCuuM=",
      "dev": true,
      "requires": {
        "commander": "~2.17.1",
        "source-map": "~0.6.1"
      }
    },
    "util-deprecate": {
      "version": "1.0.2",
      "resolved": "http://registry.npm.taobao.org/util-deprecate/download/util-deprecate-1.0.2.tgz",
      "integrity": "sha1-RQ1Nyfpw3nMnYvvS1KKJgUGaDM8=",
      "dev": true
    },
    "vinyl-sourcemaps-apply": {
      "version": "0.2.1",
      "resolved": "http://registry.npm.taobao.org/vinyl-sourcemaps-apply/download/vinyl-sourcemaps-apply-0.2.1.tgz",
      "integrity": "sha1-q2VJ1h0XLCsbh75cUI0jnI74dwU=",
      "dev": true,
      "requires": {
        "source-map": "^0.5.1"
      },
      "dependencies": {
        "source-map": {
          "version": "0.5.7",
          "resolved": "http://registry.npm.taobao.org/source-map/download/source-map-0.5.7.tgz",
          "integrity": "sha1-igOdLRAh0i0eoUyA2OpGi6LvP8w=",
          "dev": true
        }
      }
    },
    "xtend": {
      "version": "4.0.1",
      "resolved": "http://registry.npm.taobao.org/xtend/download/xtend-4.0.1.tgz",
      "integrity": "sha1-pcbVMr5lbiPbgg77lDofBJmNY68=",
      "dev": true
    }
  }
}
